
Microsoft Visual Studio Solution File, Format Version 12.00
# Visual Studio Version 16
VisualStudioVersion = 16.0.31005.135
MinimumVisualStudioVersion = 10.0.40219.1
Project("{FAE04EC0-301F-11D3-BF4B-00C04F79EFBC}") = "M3uDownloader", "M3uDownloader\M3uDownloader.csproj", "{50D65E32-F88A-48A2-8FDB-5E982AAF54A8}"
EndProject
Project("{FAE04EC0-301F-11D3-BF4B-00C04F79EFBC}") = "DashDownloader", "DashDownloader\DashDownloader.csproj", "{EEED466B-6B3D-4CDD-BBE6-C93C8D6C8248}"
EndProject
Project("{FAE04EC0-301F-11D3-BF4B-00C04F79EFBC}") = "DashDownloaderTests", "DashDownloaderTests\DashDownloaderTests.csproj", "{6440100F-FE85-49F3-98B9-F544F42AA35C}"
EndProject
Global
	GlobalSection(SolutionConfigurationPlatforms) = preSolution
		Debug|Any CPU = Debug|Any CPU
		Release|Any CPU = Release|Any CPU
	EndGlobalSection
	GlobalSection(ProjectConfigurationPlatforms) = postSolution
		{50D65E32-F88A-48A2-8FDB-5E982AAF54A8}.Debug|Any CPU.ActiveCfg = Debug|Any CPU
		{50D65E32-F88A-48A2-8FDB-5E982AAF54A8}.Debug|Any CPU.Build.0 = Debug|Any CPU
		{50D65E32-F88A-48A2-8FDB-5E982AAF54A8}.Release|Any CPU.ActiveCfg = Release|Any CPU
		{50D65E32-F88A-48A2-8FDB-5E982AAF54A8}.Release|Any CPU.Build.0 = Release|Any CPU
		{EEED466B-6B3D-4CDD-BBE6-C93C8D6C8248}.Debug|Any CPU.ActiveCfg = Debug|Any CPU
		{EEED466B-6B3D-4CDD-BBE6-C93C8D6C8248}.Debug|Any CPU.Build.0 = Debug|Any CPU
		{EEED466B-6B3D-4CDD-BBE6-C93C8D6C8248}.Release|Any CPU.ActiveCfg = Release|Any CPU
		{EEED466B-6B3D-4CDD-BBE6-C93C8D6C8248}.Release|Any CPU.Build.0 = Release|Any CPU
		{6440100F-FE85-49F3-98B9-F544F42AA35C}.Debug|Any CPU.ActiveCfg = Debug|Any CPU
		{6440100F-FE85-49F3-98B9-F544F42AA35C}.Debug|Any CPU.Build.0 = Debug|Any CPU
		{6440100F-FE85-49F3-98B9-F544F42AA35C}.Release|Any CPU.ActiveCfg = Release|Any CPU
		{6440100F-FE85-49F3-98B9-F544F42AA35C}.Release|Any CPU.Build.0 = Release|Any CPU
	EndGlobalSection
	GlobalSection(SolutionProperties) = preSolution
		HideSolutionNode = FALSE
	EndGlobalSection
	GlobalSection(ExtensibilityGlobals) = postSolution
		SolutionGuid = {D5C0D2DE-FAF2-4FAA-8847-A3885B32A560}
	EndGlobalSection
EndGlobal
